{
  "version": 4,
  "terraform_version": "1.3.4",
  "serial": 690,
  "lineage": "832c9cbf-d713-7c2d-bf49-df06fbfe747e",
  "outputs": {},
  "resources": [
    {
      "mode": "data",
      "type": "archive_file",
      "name": "conversion_lambda_src",
      "provider": "provider[\"registry.terraform.io/hashicorp/archive\"]",
      "instances": [
        {
          "schema_version": 0,
          "attributes": {
            "excludes": null,
            "id": "5f2ee8983e684a484a6e5ac7b76b2daa37eb96d8",
            "output_base64sha256": "xkqFoFeBMFumL07hUEzTml4bnBhASyzMpKrE4MgZ8/Y=",
            "output_file_mode": "0666",
            "output_md5": "4ed2d5925603720ab30c110f3779c70c",
            "output_path": "./src/create-sanity-video-job-lambda.zip",
            "output_sha": "5f2ee8983e684a484a6e5ac7b76b2daa37eb96d8",
            "output_size": 2034,
            "source": [],
            "source_content": null,
            "source_content_filename": null,
            "source_dir": null,
            "source_file": "./src/conversion.js",
            "type": "zip"
          },
          "sensitive_attributes": []
        }
      ]
    },
    {
      "mode": "data",
      "type": "archive_file",
      "name": "delete_lambda_src",
      "provider": "provider[\"registry.terraform.io/hashicorp/archive\"]",
      "instances": [
        {
          "schema_version": 0,
          "attributes": {
            "excludes": null,
            "id": "a4fa1f0c921c116537a7a922fd22b6a8ea67b360",
            "output_base64sha256": "aycGEixAvEFZgw3KxH7zloZFOgp/y930AR7miKVNZOM=",
            "output_file_mode": "0666",
            "output_md5": "d7d6cb2536cde5f2744b97e1cfdd1915",
            "output_path": "./src/delete-lambda.zip",
            "output_sha": "a4fa1f0c921c116537a7a922fd22b6a8ea67b360",
            "output_size": 898,
            "source": [],
            "source_content": null,
            "source_content_filename": null,
            "source_dir": null,
            "source_file": "./src/delete.js",
            "type": "zip"
          },
          "sensitive_attributes": []
        }
      ]
    },
    {
      "mode": "data",
      "type": "archive_file",
      "name": "get_signed_url_lambda_src",
      "provider": "provider[\"registry.terraform.io/hashicorp/archive\"]",
      "instances": [
        {
          "schema_version": 0,
          "attributes": {
            "excludes": null,
            "id": "6c070c623be9d778521078829778e682b27b3a0c",
            "output_base64sha256": "HKqHRND8Enjo/elDL927SNY//DW/oKjp095QpMK50IA=",
            "output_file_mode": "0666",
            "output_md5": "e08c890960d7a0afb3cb732533f0ae23",
            "output_path": "./src/get-signed-url-lambda.zip",
            "output_sha": "6c070c623be9d778521078829778e682b27b3a0c",
            "output_size": 1042,
            "source": [],
            "source_content": null,
            "source_content_filename": null,
            "source_dir": null,
            "source_file": "./src/getSignedUrl.js",
            "type": "zip"
          },
          "sensitive_attributes": []
        }
      ]
    },
    {
      "mode": "data",
      "type": "aws_caller_identity",
      "name": "current",
      "provider": "provider[\"registry.terraform.io/hashicorp/aws\"]",
      "instances": [
        {
          "schema_version": 0,
          "attributes": {
            "account_id": "251801182585",
            "arn": "arn:aws:iam::251801182585:user/lachlan.gordon",
            "id": "251801182585",
            "user_id": "AIDAIFKQ2PDC4VYZPIND2"
          },
          "sensitive_attributes": []
        }
      ]
    },
    {
      "mode": "data",
      "type": "aws_iam_policy_document",
      "name": "conversion_lambda_role_assume_role_policy_document",
      "provider": "provider[\"registry.terraform.io/hashicorp/aws\"]",
      "instances": [
        {
          "schema_version": 0,
          "attributes": {
            "id": "901401387",
            "json": "{\n  \"Version\": \"2012-10-17\",\n  \"Statement\": [\n    {\n      \"Sid\": \"AllowAssumeRole\",\n      \"Effect\": \"Allow\",\n      \"Action\": \"sts:AssumeRole\",\n      \"Principal\": {\n        \"Service\": \"lambda.amazonaws.com\"\n      }\n    }\n  ]\n}",
            "override_json": null,
            "override_policy_documents": null,
            "policy_id": null,
            "source_json": null,
            "source_policy_documents": null,
            "statement": [
              {
                "actions": [
                  "sts:AssumeRole"
                ],
                "condition": [],
                "effect": "Allow",
                "not_actions": [],
                "not_principals": [],
                "not_resources": [],
                "principals": [
                  {
                    "identifiers": [
                      "lambda.amazonaws.com"
                    ],
                    "type": "Service"
                  }
                ],
                "resources": [],
                "sid": "AllowAssumeRole"
              }
            ],
            "version": "2012-10-17"
          },
          "sensitive_attributes": []
        }
      ]
    },
    {
      "mode": "data",
      "type": "aws_iam_policy_document",
      "name": "conversion_lambda_role_logging_policy_document",
      "provider": "provider[\"registry.terraform.io/hashicorp/aws\"]",
      "instances": [
        {
          "schema_version": 0,
          "attributes": {
            "id": "4038590288",
            "json": "{\n  \"Version\": \"2012-10-17\",\n  \"Statement\": [\n    {\n      \"Sid\": \"\",\n      \"Effect\": \"Allow\",\n      \"Action\": \"logs:CreateLogGroup\",\n      \"Resource\": \"arn:aws:logs:ap-southeast-2:251801182585:*\"\n    },\n    {\n      \"Sid\": \"\",\n      \"Effect\": \"Allow\",\n      \"Action\": [\n        \"logs:PutLogEvents\",\n        \"logs:CreateLogStream\"\n      ],\n      \"Resource\": \"arn:aws:logs:ap-southeast-2:251801182585:log-group:/aws/lambda/create-sanity-video-job-lambda:*\"\n    }\n  ]\n}",
            "override_json": null,
            "override_policy_documents": null,
            "policy_id": null,
            "source_json": null,
            "source_policy_documents": null,
            "statement": [
              {
                "actions": [
                  "logs:CreateLogGroup"
                ],
                "condition": [],
                "effect": "Allow",
                "not_actions": [],
                "not_principals": [],
                "not_resources": [],
                "principals": [],
                "resources": [
                  "arn:aws:logs:ap-southeast-2:251801182585:*"
                ],
                "sid": ""
              },
              {
                "actions": [
                  "logs:CreateLogStream",
                  "logs:PutLogEvents"
                ],
                "condition": [],
                "effect": "Allow",
                "not_actions": [],
                "not_principals": [],
                "not_resources": [],
                "principals": [],
                "resources": [
                  "arn:aws:logs:ap-southeast-2:251801182585:log-group:/aws/lambda/create-sanity-video-job-lambda:*"
                ],
                "sid": ""
              }
            ],
            "version": "2012-10-17"
          },
          "sensitive_attributes": []
        }
      ]
    },
    {
      "mode": "data",
      "type": "aws_iam_policy_document",
      "name": "conversion_lambda_role_mediaconvert_policy_document",
      "provider": "provider[\"registry.terraform.io/hashicorp/aws\"]",
      "instances": [
        {
          "schema_version": 0,
          "attributes": {
            "id": "947334540",
            "json": "{\n  \"Version\": \"2012-10-17\",\n  \"Statement\": [\n    {\n      \"Sid\": \"AllowMediaConvertAccess\",\n      \"Effect\": \"Allow\",\n      \"Action\": \"mediaconvert:CreateJob\",\n      \"Resource\": \"arn:aws:mediaconvert:ap-southeast-2:251801182585:queues/sanity-video-job-queue\"\n    },\n    {\n      \"Sid\": \"AllowMediaConvertPassRole\",\n      \"Effect\": \"Allow\",\n      \"Action\": \"iam:PassRole\",\n      \"Resource\": \"arn:aws:iam::251801182585:role/sanity-video-job-role\"\n    },\n    {\n      \"Sid\": \"AllowMediaConvertDescribeEndpoints\",\n      \"Effect\": \"Allow\",\n      \"Action\": \"mediaconvert:DescribeEndpoints\",\n      \"Resource\": \"arn:aws:mediaconvert:ap-southeast-2:251801182585:endpoints/*\"\n    }\n  ]\n}",
            "override_json": null,
            "override_policy_documents": null,
            "policy_id": null,
            "source_json": null,
            "source_policy_documents": null,
            "statement": [
              {
                "actions": [
                  "mediaconvert:CreateJob"
                ],
                "condition": [],
                "effect": "Allow",
                "not_actions": [],
                "not_principals": [],
                "not_resources": [],
                "principals": [],
                "resources": [
                  "arn:aws:mediaconvert:ap-southeast-2:251801182585:queues/sanity-video-job-queue"
                ],
                "sid": "AllowMediaConvertAccess"
              },
              {
                "actions": [
                  "iam:PassRole"
                ],
                "condition": [],
                "effect": "Allow",
                "not_actions": [],
                "not_principals": [],
                "not_resources": [],
                "principals": [],
                "resources": [
                  "arn:aws:iam::251801182585:role/sanity-video-job-role"
                ],
                "sid": "AllowMediaConvertPassRole"
              },
              {
                "actions": [
                  "mediaconvert:DescribeEndpoints"
                ],
                "condition": [],
                "effect": "Allow",
                "not_actions": [],
                "not_principals": [],
                "not_resources": [],
                "principals": [],
                "resources": [
                  "arn:aws:mediaconvert:ap-southeast-2:251801182585:endpoints/*"
                ],
                "sid": "AllowMediaConvertDescribeEndpoints"
              }
            ],
            "version": "2012-10-17"
          },
          "sensitive_attributes": []
        }
      ]
    },
    {
      "mode": "data",
      "type": "aws_iam_policy_document",
      "name": "conversion_lambda_role_s3_execution_policy_document",
      "provider": "provider[\"registry.terraform.io/hashicorp/aws\"]",
      "instances": [
        {
          "schema_version": 0,
          "attributes": {
            "id": "235086877",
            "json": "{\n  \"Version\": \"2012-10-17\",\n  \"Statement\": [\n    {\n      \"Sid\": \"AllowS3Access\",\n      \"Effect\": \"Allow\",\n      \"Action\": \"s3:GetObject\",\n      \"Resource\": \"arn:aws:s3:::ph-sanity-video\"\n    }\n  ]\n}",
            "override_json": null,
            "override_policy_documents": null,
            "policy_id": null,
            "source_json": null,
            "source_policy_documents": null,
            "statement": [
              {
                "actions": [
                  "s3:GetObject"
                ],
                "condition": [],
                "effect": "Allow",
                "not_actions": [],
                "not_principals": [],
                "not_resources": [],
                "principals": [],
                "resources": [
                  "arn:aws:s3:::ph-sanity-video"
                ],
                "sid": "AllowS3Access"
              }
            ],
            "version": "2012-10-17"
          },
          "sensitive_attributes": []
        }
      ]
    },
    {
      "mode": "data",
      "type": "aws_iam_policy_document",
      "name": "delete_lambda_logging_policy_document",
      "provider": "provider[\"registry.terraform.io/hashicorp/aws\"]",
      "instances": [
        {
          "schema_version": 0,
          "attributes": {
            "id": "3511125156",
            "json": "{\n  \"Version\": \"2012-10-17\",\n  \"Statement\": [\n    {\n      \"Sid\": \"\",\n      \"Effect\": \"Allow\",\n      \"Action\": \"logs:CreateLogGroup\",\n      \"Resource\": \"arn:aws:logs:ap-southeast-2:251801182585:*\"\n    },\n    {\n      \"Sid\": \"\",\n      \"Effect\": \"Allow\",\n      \"Action\": [\n        \"logs:PutLogEvents\",\n        \"logs:CreateLogStream\"\n      ],\n      \"Resource\": \"arn:aws:logs:ap-southeast-2:251801182585:log-group:/aws/lambda/delete-lambda:*\"\n    }\n  ]\n}",
            "override_json": null,
            "override_policy_documents": null,
            "policy_id": null,
            "source_json": null,
            "source_policy_documents": null,
            "statement": [
              {
                "actions": [
                  "logs:CreateLogGroup"
                ],
                "condition": [],
                "effect": "Allow",
                "not_actions": [],
                "not_principals": [],
                "not_resources": [],
                "principals": [],
                "resources": [
                  "arn:aws:logs:ap-southeast-2:251801182585:*"
                ],
                "sid": ""
              },
              {
                "actions": [
                  "logs:CreateLogStream",
                  "logs:PutLogEvents"
                ],
                "condition": [],
                "effect": "Allow",
                "not_actions": [],
                "not_principals": [],
                "not_resources": [],
                "principals": [],
                "resources": [
                  "arn:aws:logs:ap-southeast-2:251801182585:log-group:/aws/lambda/delete-lambda:*"
                ],
                "sid": ""
              }
            ],
            "version": "2012-10-17"
          },
          "sensitive_attributes": []
        }
      ]
    },
    {
      "mode": "data",
      "type": "aws_iam_policy_document",
      "name": "delete_lambda_role_policy_document",
      "provider": "provider[\"registry.terraform.io/hashicorp/aws\"]",
      "instances": [
        {
          "schema_version": 0,
          "attributes": {
            "id": "3693445097",
            "json": "{\n  \"Version\": \"2012-10-17\",\n  \"Statement\": [\n    {\n      \"Sid\": \"\",\n      \"Effect\": \"Allow\",\n      \"Action\": \"sts:AssumeRole\",\n      \"Principal\": {\n        \"Service\": \"lambda.amazonaws.com\"\n      }\n    }\n  ]\n}",
            "override_json": null,
            "override_policy_documents": null,
            "policy_id": null,
            "source_json": null,
            "source_policy_documents": null,
            "statement": [
              {
                "actions": [
                  "sts:AssumeRole"
                ],
                "condition": [],
                "effect": "Allow",
                "not_actions": [],
                "not_principals": [],
                "not_resources": [],
                "principals": [
                  {
                    "identifiers": [
                      "lambda.amazonaws.com"
                    ],
                    "type": "Service"
                  }
                ],
                "resources": [],
                "sid": ""
              }
            ],
            "version": "2012-10-17"
          },
          "sensitive_attributes": []
        }
      ]
    },
    {
      "mode": "data",
      "type": "aws_iam_policy_document",
      "name": "delete_lambda_s3_policy_document",
      "provider": "provider[\"registry.terraform.io/hashicorp/aws\"]",
      "instances": [
        {
          "schema_version": 0,
          "attributes": {
            "id": "2207575523",
            "json": "{\n  \"Version\": \"2012-10-17\",\n  \"Statement\": [\n    {\n      \"Sid\": \"AllowS3Access\",\n      \"Effect\": \"Allow\",\n      \"Action\": \"s3:DeleteObject\",\n      \"Resource\": \"arn:aws:s3:::ph-sanity-video/*\"\n    }\n  ]\n}",
            "override_json": null,
            "override_policy_documents": null,
            "policy_id": null,
            "source_json": null,
            "source_policy_documents": null,
            "statement": [
              {
                "actions": [
                  "s3:DeleteObject"
                ],
                "condition": [],
                "effect": "Allow",
                "not_actions": [],
                "not_principals": [],
                "not_resources": [],
                "principals": [],
                "resources": [
                  "arn:aws:s3:::ph-sanity-video/*"
                ],
                "sid": "AllowS3Access"
              }
            ],
            "version": "2012-10-17"
          },
          "sensitive_attributes": []
        }
      ]
    },
    {
      "mode": "data",
      "type": "aws_iam_policy_document",
      "name": "get_signed_url_lambda_logging_policy_document",
      "provider": "provider[\"registry.terraform.io/hashicorp/aws\"]",
      "instances": [
        {
          "schema_version": 0,
          "attributes": {
            "id": "4172925864",
            "json": "{\n  \"Version\": \"2012-10-17\",\n  \"Statement\": [\n    {\n      \"Sid\": \"\",\n      \"Effect\": \"Allow\",\n      \"Action\": \"logs:CreateLogGroup\",\n      \"Resource\": \"arn:aws:logs:ap-southeast-2:251801182585:*\"\n    },\n    {\n      \"Sid\": \"\",\n      \"Effect\": \"Allow\",\n      \"Action\": [\n        \"logs:PutLogEvents\",\n        \"logs:CreateLogStream\"\n      ],\n      \"Resource\": \"arn:aws:logs:ap-southeast-2:251801182585:log-group:/aws/lambda/get-signed-url-lambda:*\"\n    }\n  ]\n}",
            "override_json": null,
            "override_policy_documents": null,
            "policy_id": null,
            "source_json": null,
            "source_policy_documents": null,
            "statement": [
              {
                "actions": [
                  "logs:CreateLogGroup"
                ],
                "condition": [],
                "effect": "Allow",
                "not_actions": [],
                "not_principals": [],
                "not_resources": [],
                "principals": [],
                "resources": [
                  "arn:aws:logs:ap-southeast-2:251801182585:*"
                ],
                "sid": ""
              },
              {
                "actions": [
                  "logs:CreateLogStream",
                  "logs:PutLogEvents"
                ],
                "condition": [],
                "effect": "Allow",
                "not_actions": [],
                "not_principals": [],
                "not_resources": [],
                "principals": [],
                "resources": [
                  "arn:aws:logs:ap-southeast-2:251801182585:log-group:/aws/lambda/get-signed-url-lambda:*"
                ],
                "sid": ""
              }
            ],
            "version": "2012-10-17"
          },
          "sensitive_attributes": []
        }
      ]
    },
    {
      "mode": "data",
      "type": "aws_iam_policy_document",
      "name": "get_signed_url_lambda_role_policy_document",
      "provider": "provider[\"registry.terraform.io/hashicorp/aws\"]",
      "instances": [
        {
          "schema_version": 0,
          "attributes": {
            "id": "3693445097",
            "json": "{\n  \"Version\": \"2012-10-17\",\n  \"Statement\": [\n    {\n      \"Sid\": \"\",\n      \"Effect\": \"Allow\",\n      \"Action\": \"sts:AssumeRole\",\n      \"Principal\": {\n        \"Service\": \"lambda.amazonaws.com\"\n      }\n    }\n  ]\n}",
            "override_json": null,
            "override_policy_documents": null,
            "policy_id": null,
            "source_json": null,
            "source_policy_documents": null,
            "statement": [
              {
                "actions": [
                  "sts:AssumeRole"
                ],
                "condition": [],
                "effect": "Allow",
                "not_actions": [],
                "not_principals": [],
                "not_resources": [],
                "principals": [
                  {
                    "identifiers": [
                      "lambda.amazonaws.com"
                    ],
                    "type": "Service"
                  }
                ],
                "resources": [],
                "sid": ""
              }
            ],
            "version": "2012-10-17"
          },
          "sensitive_attributes": []
        }
      ]
    },
    {
      "mode": "data",
      "type": "aws_iam_policy_document",
      "name": "get_signed_url_lambda_s3_policy_document",
      "provider": "provider[\"registry.terraform.io/hashicorp/aws\"]",
      "instances": [
        {
          "schema_version": 0,
          "attributes": {
            "id": "1363229702",
            "json": "{\n  \"Version\": \"2012-10-17\",\n  \"Statement\": [\n    {\n      \"Sid\": \"AllowS3Access\",\n      \"Effect\": \"Allow\",\n      \"Action\": [\n        \"s3:PutObjectAcl\",\n        \"s3:PutObject\"\n      ],\n      \"Resource\": \"arn:aws:s3:::ph-sanity-video/*\"\n    }\n  ]\n}",
            "override_json": null,
            "override_policy_documents": null,
            "policy_id": null,
            "source_json": null,
            "source_policy_documents": null,
            "statement": [
              {
                "actions": [
                  "s3:PutObject",
                  "s3:PutObjectAcl"
                ],
                "condition": [],
                "effect": "Allow",
                "not_actions": [],
                "not_principals": [],
                "not_resources": [],
                "principals": [],
                "resources": [
                  "arn:aws:s3:::ph-sanity-video/*"
                ],
                "sid": "AllowS3Access"
              }
            ],
            "version": "2012-10-17"
          },
          "sensitive_attributes": []
        }
      ]
    },
    {
      "mode": "data",
      "type": "aws_iam_policy_document",
      "name": "mediaconvert_role_policy_document",
      "provider": "provider[\"registry.terraform.io/hashicorp/aws\"]",
      "instances": [
        {
          "schema_version": 0,
          "attributes": {
            "id": "3384805412",
            "json": "{\n  \"Version\": \"2012-10-17\",\n  \"Statement\": [\n    {\n      \"Sid\": \"AllowAssumeRole\",\n      \"Effect\": \"Allow\",\n      \"Action\": \"sts:AssumeRole\",\n      \"Principal\": {\n        \"Service\": \"mediaconvert.amazonaws.com\"\n      }\n    }\n  ]\n}",
            "override_json": null,
            "override_policy_documents": null,
            "policy_id": null,
            "source_json": null,
            "source_policy_documents": null,
            "statement": [
              {
                "actions": [
                  "sts:AssumeRole"
                ],
                "condition": [],
                "effect": "Allow",
                "not_actions": [],
                "not_principals": [],
                "not_resources": [],
                "principals": [
                  {
                    "identifiers": [
                      "mediaconvert.amazonaws.com"
                    ],
                    "type": "Service"
                  }
                ],
                "resources": [],
                "sid": "AllowAssumeRole"
              }
            ],
            "version": "2012-10-17"
          },
          "sensitive_attributes": []
        }
      ]
    },
    {
      "mode": "data",
      "type": "aws_iam_policy_document",
      "name": "mediaconvert_role_s3_policy_document",
      "provider": "provider[\"registry.terraform.io/hashicorp/aws\"]",
      "instances": [
        {
          "schema_version": 0,
          "attributes": {
            "id": "1853338673",
            "json": "{\n  \"Version\": \"2012-10-17\",\n  \"Statement\": [\n    {\n      \"Sid\": \"GetObjectsFromSource\",\n      \"Effect\": \"Allow\",\n      \"Action\": [\n        \"s3:List*\",\n        \"s3:Get*\"\n      ],\n      \"Resource\": \"arn:aws:s3:::ph-sanity-video/*\"\n    },\n    {\n      \"Sid\": \"PutObjectsInDestination\",\n      \"Effect\": \"Allow\",\n      \"Action\": \"s3:Put*\",\n      \"Resource\": \"arn:aws:s3:::ph-sanity-generated-video/*\"\n    }\n  ]\n}",
            "override_json": null,
            "override_policy_documents": null,
            "policy_id": null,
            "source_json": null,
            "source_policy_documents": null,
            "statement": [
              {
                "actions": [
                  "s3:Get*",
                  "s3:List*"
                ],
                "condition": [],
                "effect": "Allow",
                "not_actions": [],
                "not_principals": [],
                "not_resources": [],
                "principals": [],
                "resources": [
                  "arn:aws:s3:::ph-sanity-video/*"
                ],
                "sid": "GetObjectsFromSource"
              },
              {
                "actions": [
                  "s3:Put*"
                ],
                "condition": [],
                "effect": "Allow",
                "not_actions": [],
                "not_principals": [],
                "not_resources": [],
                "principals": [],
                "resources": [
                  "arn:aws:s3:::ph-sanity-generated-video/*"
                ],
                "sid": "PutObjectsInDestination"
              }
            ],
            "version": "2012-10-17"
          },
          "sensitive_attributes": []
        }
      ]
    },
    {
      "mode": "data",
      "type": "aws_region",
      "name": "current",
      "provider": "provider[\"registry.terraform.io/hashicorp/aws\"]",
      "instances": [
        {
          "schema_version": 0,
          "attributes": {
            "description": "Asia Pacific (Sydney)",
            "endpoint": "ec2.ap-southeast-2.amazonaws.com",
            "id": "ap-southeast-2",
            "name": "ap-southeast-2"
          },
          "sensitive_attributes": []
        }
      ]
    },
    {
      "mode": "managed",
      "type": "aws_apigatewayv2_api",
      "name": "sanity-s3-api",
      "provider": "provider[\"registry.terraform.io/hashicorp/aws\"]",
      "instances": [
        {
          "schema_version": 0,
          "attributes": {
            "api_endpoint": "https://lu5emm4n8b.execute-api.ap-southeast-2.amazonaws.com",
            "api_key_selection_expression": "$request.header.x-api-key",
            "arn": "arn:aws:apigateway:ap-southeast-2::/apis/lu5emm4n8b",
            "body": null,
            "cors_configuration": [
              {
                "allow_credentials": false,
                "allow_headers": [
                  "authorization",
                  "content-type",
                  "x-amz-date",
                  "x-amz-security-token",
                  "x-amz-user-agent",
                  "x-api-key"
                ],
                "allow_methods": [
                  "DELETE",
                  "GET",
                  "OPTIONS",
                  "POST"
                ],
                "allow_origins": [
                  "*"
                ],
                "expose_headers": [],
                "max_age": 0
              }
            ],
            "credentials_arn": null,
            "description": "",
            "disable_execute_api_endpoint": false,
            "execution_arn": "arn:aws:execute-api:ap-southeast-2:251801182585:lu5emm4n8b",
            "fail_on_warnings": null,
            "id": "lu5emm4n8b",
            "name": "sanity-s3-apigw",
            "protocol_type": "HTTP",
            "route_key": null,
            "route_selection_expression": "$request.method $request.path",
            "tags": {},
            "tags_all": {},
            "target": null,
            "version": ""
          },
          "sensitive_attributes": [],
          "private": "bnVsbA=="
        }
      ]
    },
    {
      "mode": "managed",
      "type": "aws_apigatewayv2_deployment",
      "name": "deployment",
      "provider": "provider[\"registry.terraform.io/hashicorp/aws\"]",
      "instances": [
        {
          "schema_version": 0,
          "attributes": {
            "api_id": "lu5emm4n8b",
            "auto_deployed": false,
            "description": "",
            "id": "f2awbu",
            "triggers": null
          },
          "sensitive_attributes": [],
          "private": "bnVsbA==",
          "dependencies": [
            "aws_apigatewayv2_api.sanity-s3-api",
            "aws_apigatewayv2_integration.delete_lambda",
            "aws_apigatewayv2_integration.get_lambda",
            "aws_apigatewayv2_route.delete",
            "aws_apigatewayv2_route.get",
            "aws_cloudwatch_log_group.delete_lambda_logging",
            "aws_cloudwatch_log_group.get_signed_url_lambda_logging",
            "aws_iam_policy.get_signed_url_lambda_logging_policy",
            "aws_iam_role.delete_lambda_role",
            "aws_iam_role.get_signed_url_lambda_role",
            "aws_iam_role_policy_attachment.delete_lambda_logging_policy_attachment",
            "aws_iam_role_policy_attachment.get_signed_url_lambda_logging_policy_attachment",
            "aws_lambda_function.delete_lambda",
            "aws_lambda_function.get_signed_url_lambda",
            "aws_s3_bucket.source",
            "data.archive_file.delete_lambda_src",
            "data.archive_file.get_signed_url_lambda_src",
            "data.aws_caller_identity.current",
            "data.aws_iam_policy_document.delete_lambda_role_policy_document",
            "data.aws_iam_policy_document.get_signed_url_lambda_logging_policy_document",
            "data.aws_iam_policy_document.get_signed_url_lambda_role_policy_document",
            "data.aws_region.current"
          ]
        }
      ]
    },
    {
      "mode": "managed",
      "type": "aws_apigatewayv2_integration",
      "name": "delete_lambda",
      "provider": "provider[\"registry.terraform.io/hashicorp/aws\"]",
      "instances": [
        {
          "schema_version": 0,
          "attributes": {
            "api_id": "lu5emm4n8b",
            "connection_id": "",
            "connection_type": "INTERNET",
            "content_handling_strategy": "",
            "credentials_arn": "",
            "description": "",
            "id": "6wrp8jb",
            "integration_method": "POST",
            "integration_response_selection_expression": "",
            "integration_subtype": "",
            "integration_type": "AWS_PROXY",
            "integration_uri": "arn:aws:apigateway:ap-southeast-2:lambda:path/2015-03-31/functions/arn:aws:lambda:ap-southeast-2:251801182585:function:delete-lambda/invocations",
            "passthrough_behavior": "",
            "payload_format_version": "1.0",
            "request_parameters": {},
            "request_templates": {},
            "response_parameters": [],
            "template_selection_expression": "",
            "timeout_milliseconds": 30000,
            "tls_config": []
          },
          "sensitive_attributes": [],
          "private": "bnVsbA==",
          "dependencies": [
            "aws_apigatewayv2_api.sanity-s3-api",
            "aws_cloudwatch_log_group.delete_lambda_logging",
            "aws_cloudwatch_log_group.get_signed_url_lambda_logging",
            "aws_iam_policy.get_signed_url_lambda_logging_policy",
            "aws_iam_role.delete_lambda_role",
            "aws_iam_role_policy_attachment.delete_lambda_logging_policy_attachment",
            "aws_lambda_function.delete_lambda",
            "aws_s3_bucket.source",
            "data.archive_file.delete_lambda_src",
            "data.aws_caller_identity.current",
            "data.aws_iam_policy_document.delete_lambda_role_policy_document",
            "data.aws_iam_policy_document.get_signed_url_lambda_logging_policy_document",
            "data.aws_region.current"
          ]
        }
      ]
    },
    {
      "mode": "managed",
      "type": "aws_apigatewayv2_integration",
      "name": "get_lambda",
      "provider": "provider[\"registry.terraform.io/hashicorp/aws\"]",
      "instances": [
        {
          "schema_version": 0,
          "attributes": {
            "api_id": "lu5emm4n8b",
            "connection_id": "",
            "connection_type": "INTERNET",
            "content_handling_strategy": "",
            "credentials_arn": "",
            "description": "",
            "id": "yhtcdqr",
            "integration_method": "POST",
            "integration_response_selection_expression": "",
            "integration_subtype": "",
            "integration_type": "AWS_PROXY",
            "integration_uri": "arn:aws:apigateway:ap-southeast-2:lambda:path/2015-03-31/functions/arn:aws:lambda:ap-southeast-2:251801182585:function:get-signed-url-lambda/invocations",
            "passthrough_behavior": "",
            "payload_format_version": "1.0",
            "request_parameters": {},
            "request_templates": {},
            "response_parameters": [],
            "template_selection_expression": "",
            "timeout_milliseconds": 30000,
            "tls_config": []
          },
          "sensitive_attributes": [],
          "private": "bnVsbA==",
          "dependencies": [
            "aws_apigatewayv2_api.sanity-s3-api",
            "aws_cloudwatch_log_group.get_signed_url_lambda_logging",
            "aws_iam_policy.get_signed_url_lambda_logging_policy",
            "aws_iam_role.get_signed_url_lambda_role",
            "aws_iam_role_policy_attachment.get_signed_url_lambda_logging_policy_attachment",
            "aws_lambda_function.get_signed_url_lambda",
            "aws_s3_bucket.source",
            "data.archive_file.get_signed_url_lambda_src",
            "data.aws_caller_identity.current",
            "data.aws_iam_policy_document.get_signed_url_lambda_logging_policy_document",
            "data.aws_iam_policy_document.get_signed_url_lambda_role_policy_document",
            "data.aws_region.current"
          ]
        }
      ]
    },
    {
      "mode": "managed",
      "type": "aws_apigatewayv2_route",
      "name": "delete",
      "provider": "provider[\"registry.terraform.io/hashicorp/aws\"]",
      "instances": [
        {
          "schema_version": 0,
          "attributes": {
            "api_id": "lu5emm4n8b",
            "api_key_required": false,
            "authorization_scopes": [],
            "authorization_type": "NONE",
            "authorizer_id": "",
            "id": "sxen9cv",
            "model_selection_expression": "",
            "operation_name": "",
            "request_models": {},
            "request_parameter": [],
            "route_key": "ANY /delete",
            "route_response_selection_expression": "",
            "target": "integrations/6wrp8jb"
          },
          "sensitive_attributes": [],
          "private": "bnVsbA==",
          "dependencies": [
            "aws_apigatewayv2_api.sanity-s3-api",
            "aws_apigatewayv2_integration.delete_lambda",
            "aws_cloudwatch_log_group.delete_lambda_logging",
            "aws_cloudwatch_log_group.get_signed_url_lambda_logging",
            "aws_iam_policy.get_signed_url_lambda_logging_policy",
            "aws_iam_role.delete_lambda_role",
            "aws_iam_role_policy_attachment.delete_lambda_logging_policy_attachment",
            "aws_lambda_function.delete_lambda",
            "aws_s3_bucket.source",
            "data.archive_file.delete_lambda_src",
            "data.aws_caller_identity.current",
            "data.aws_iam_policy_document.delete_lambda_role_policy_document",
            "data.aws_iam_policy_document.get_signed_url_lambda_logging_policy_document",
            "data.aws_region.current"
          ]
        }
      ]
    },
    {
      "mode": "managed",
      "type": "aws_apigatewayv2_route",
      "name": "get",
      "provider": "provider[\"registry.terraform.io/hashicorp/aws\"]",
      "instances": [
        {
          "schema_version": 0,
          "attributes": {
            "api_id": "lu5emm4n8b",
            "api_key_required": false,
            "authorization_scopes": [],
            "authorization_type": "NONE",
            "authorizer_id": "",
            "id": "uanb7g3",
            "model_selection_expression": "",
            "operation_name": "",
            "request_models": {},
            "request_parameter": [],
            "route_key": "ANY /get",
            "route_response_selection_expression": "",
            "target": "integrations/yhtcdqr"
          },
          "sensitive_attributes": [],
          "private": "bnVsbA==",
          "dependencies": [
            "aws_apigatewayv2_api.sanity-s3-api",
            "aws_apigatewayv2_integration.get_lambda",
            "aws_cloudwatch_log_group.get_signed_url_lambda_logging",
            "aws_iam_policy.get_signed_url_lambda_logging_policy",
            "aws_iam_role.get_signed_url_lambda_role",
            "aws_iam_role_policy_attachment.get_signed_url_lambda_logging_policy_attachment",
            "aws_lambda_function.get_signed_url_lambda",
            "aws_s3_bucket.source",
            "data.archive_file.get_signed_url_lambda_src",
            "data.aws_caller_identity.current",
            "data.aws_iam_policy_document.get_signed_url_lambda_logging_policy_document",
            "data.aws_iam_policy_document.get_signed_url_lambda_role_policy_document",
            "data.aws_region.current"
          ]
        }
      ]
    },
    {
      "mode": "managed",
      "type": "aws_apigatewayv2_stage",
      "name": "test",
      "provider": "provider[\"registry.terraform.io/hashicorp/aws\"]",
      "instances": [
        {
          "schema_version": 0,
          "attributes": {
            "access_log_settings": [],
            "api_id": "lu5emm4n8b",
            "arn": "arn:aws:apigateway:ap-southeast-2::/apis/lu5emm4n8b/stages/test",
            "auto_deploy": true,
            "client_certificate_id": "",
            "default_route_settings": [
              {
                "data_trace_enabled": false,
                "detailed_metrics_enabled": false,
                "logging_level": "",
                "throttling_burst_limit": 0,
                "throttling_rate_limit": 0
              }
            ],
            "deployment_id": "vm26r2",
            "description": "",
            "execution_arn": "arn:aws:execute-api:ap-southeast-2:251801182585:lu5emm4n8b/test",
            "id": "test",
            "invoke_url": "https://lu5emm4n8b.execute-api.ap-southeast-2.amazonaws.com/test",
            "name": "test",
            "route_settings": [],
            "stage_variables": {},
            "tags": {},
            "tags_all": {}
          },
          "sensitive_attributes": [],
          "private": "bnVsbA==",
          "dependencies": [
            "aws_apigatewayv2_api.sanity-s3-api"
          ]
        }
      ]
    },
    {
      "mode": "managed",
      "type": "aws_cloudwatch_log_group",
      "name": "conversion_lambda_logging",
      "provider": "provider[\"registry.terraform.io/hashicorp/aws\"]",
      "instances": [
        {
          "schema_version": 0,
          "attributes": {
            "arn": "arn:aws:logs:ap-southeast-2:251801182585:log-group:/aws/lambda/create-sanity-video-job-lambda",
            "id": "/aws/lambda/create-sanity-video-job-lambda",
            "kms_key_id": "",
            "name": "/aws/lambda/create-sanity-video-job-lambda",
            "name_prefix": null,
            "retention_in_days": 14,
            "tags": {},
            "tags_all": {}
          },
          "sensitive_attributes": [],
          "private": "bnVsbA=="
        }
      ]
    },
    {
      "mode": "managed",
      "type": "aws_cloudwatch_log_group",
      "name": "delete_lambda_logging",
      "provider": "provider[\"registry.terraform.io/hashicorp/aws\"]",
      "instances": [
        {
          "schema_version": 0,
          "attributes": {
            "arn": "arn:aws:logs:ap-southeast-2:251801182585:log-group:/aws/lambda/delete-lambda",
            "id": "/aws/lambda/delete-lambda",
            "kms_key_id": "",
            "name": "/aws/lambda/delete-lambda",
            "name_prefix": null,
            "retention_in_days": 14,
            "tags": {},
            "tags_all": {}
          },
          "sensitive_attributes": [],
          "private": "bnVsbA=="
        }
      ]
    },
    {
      "mode": "managed",
      "type": "aws_cloudwatch_log_group",
      "name": "get_signed_url_lambda_logging",
      "provider": "provider[\"registry.terraform.io/hashicorp/aws\"]",
      "instances": [
        {
          "schema_version": 0,
          "attributes": {
            "arn": "arn:aws:logs:ap-southeast-2:251801182585:log-group:/aws/lambda/get-signed-url-lambda",
            "id": "/aws/lambda/get-signed-url-lambda",
            "kms_key_id": "",
            "name": "/aws/lambda/get-signed-url-lambda",
            "name_prefix": null,
            "retention_in_days": 14,
            "tags": {},
            "tags_all": {}
          },
          "sensitive_attributes": [],
          "private": "bnVsbA=="
        }
      ]
    },
    {
      "mode": "managed",
      "type": "aws_iam_policy",
      "name": "conversion_lambda-mediaconvert-policy",
      "provider": "provider[\"registry.terraform.io/hashicorp/aws\"]",
      "instances": [
        {
          "schema_version": 0,
          "attributes": {
            "arn": "arn:aws:iam::251801182585:policy/create-sanity-video-job-lambda-mediaconvert-policy",
            "description": "Allows video pipeline lambda to create MediaConvert jobs",
            "id": "arn:aws:iam::251801182585:policy/create-sanity-video-job-lambda-mediaconvert-policy",
            "name": "create-sanity-video-job-lambda-mediaconvert-policy",
            "name_prefix": null,
            "path": "/",
            "policy": "{\"Statement\":[{\"Action\":\"mediaconvert:CreateJob\",\"Effect\":\"Allow\",\"Resource\":\"arn:aws:mediaconvert:ap-southeast-2:251801182585:queues/sanity-video-job-queue\",\"Sid\":\"AllowMediaConvertAccess\"},{\"Action\":\"iam:PassRole\",\"Effect\":\"Allow\",\"Resource\":\"arn:aws:iam::251801182585:role/sanity-video-job-role\",\"Sid\":\"AllowMediaConvertPassRole\"},{\"Action\":\"mediaconvert:DescribeEndpoints\",\"Effect\":\"Allow\",\"Resource\":\"arn:aws:mediaconvert:ap-southeast-2:251801182585:endpoints/*\",\"Sid\":\"AllowMediaConvertDescribeEndpoints\"}],\"Version\":\"2012-10-17\"}",
            "policy_id": "ANPATVIEFEF466XRLKYA6",
            "tags": {},
            "tags_all": {}
          },
          "sensitive_attributes": [],
          "private": "bnVsbA==",
          "dependencies": [
            "data.aws_iam_policy_document.conversion_lambda_role_mediaconvert_policy_document"
          ]
        }
      ]
    },
    {
      "mode": "managed",
      "type": "aws_iam_policy",
      "name": "conversion_lambda_logging_policy",
      "provider": "provider[\"registry.terraform.io/hashicorp/aws\"]",
      "instances": [
        {
          "schema_version": 0,
          "attributes": {
            "arn": "arn:aws:iam::251801182585:policy/create-sanity-video-job-lambda-logging-policy",
            "description": "policy for logging output from video processing function",
            "id": "arn:aws:iam::251801182585:policy/create-sanity-video-job-lambda-logging-policy",
            "name": "create-sanity-video-job-lambda-logging-policy",
            "name_prefix": null,
            "path": "/",
            "policy": "{\"Statement\":[{\"Action\":\"logs:CreateLogGroup\",\"Effect\":\"Allow\",\"Resource\":\"arn:aws:logs:ap-southeast-2:251801182585:*\",\"Sid\":\"\"},{\"Action\":[\"logs:PutLogEvents\",\"logs:CreateLogStream\"],\"Effect\":\"Allow\",\"Resource\":\"arn:aws:logs:ap-southeast-2:251801182585:log-group:/aws/lambda/create-sanity-video-job-lambda:*\",\"Sid\":\"\"}],\"Version\":\"2012-10-17\"}",
            "policy_id": "ANPATVIEFEF4UNL3VNGXF",
            "tags": {},
            "tags_all": {}
          },
          "sensitive_attributes": [],
          "private": "bnVsbA==",
          "dependencies": [
            "aws_cloudwatch_log_group.conversion_lambda_logging",
            "data.aws_caller_identity.current",
            "data.aws_iam_policy_document.conversion_lambda_role_logging_policy_document",
            "data.aws_region.current"
          ]
        }
      ]
    },
    {
      "mode": "managed",
      "type": "aws_iam_policy",
      "name": "conversion_lambda_s3_policy",
      "provider": "provider[\"registry.terraform.io/hashicorp/aws\"]",
      "instances": [
        {
          "schema_version": 0,
          "attributes": {
            "arn": "arn:aws:iam::251801182585:policy/create-sanity-video-job-lambda-s3-policy",
            "description": "Allows video pipeline lambda to read objects from a source bucket",
            "id": "arn:aws:iam::251801182585:policy/create-sanity-video-job-lambda-s3-policy",
            "name": "create-sanity-video-job-lambda-s3-policy",
            "name_prefix": null,
            "path": "/",
            "policy": "{\"Statement\":[{\"Action\":\"s3:GetObject\",\"Effect\":\"Allow\",\"Resource\":\"arn:aws:s3:::ph-sanity-video\",\"Sid\":\"AllowS3Access\"}],\"Version\":\"2012-10-17\"}",
            "policy_id": "ANPATVIEFEF42BJD2P3KK",
            "tags": {},
            "tags_all": {}
          },
          "sensitive_attributes": [],
          "private": "bnVsbA==",
          "dependencies": [
            "aws_s3_bucket.source",
            "data.aws_iam_policy_document.conversion_lambda_role_s3_execution_policy_document"
          ]
        }
      ]
    },
    {
      "mode": "managed",
      "type": "aws_iam_policy",
      "name": "delete_lambda_logging_policy",
      "provider": "provider[\"registry.terraform.io/hashicorp/aws\"]",
      "instances": [
        {
          "schema_version": 0,
          "attributes": {
            "arn": "arn:aws:iam::251801182585:policy/delete-lambda-logging-policy",
            "description": "Policy for logging output of sanity s3 delete function",
            "id": "arn:aws:iam::251801182585:policy/delete-lambda-logging-policy",
            "name": "delete-lambda-logging-policy",
            "name_prefix": null,
            "path": "/",
            "policy": "{\"Statement\":[{\"Action\":\"logs:CreateLogGroup\",\"Effect\":\"Allow\",\"Resource\":\"arn:aws:logs:ap-southeast-2:251801182585:*\",\"Sid\":\"\"},{\"Action\":[\"logs:PutLogEvents\",\"logs:CreateLogStream\"],\"Effect\":\"Allow\",\"Resource\":\"arn:aws:logs:ap-southeast-2:251801182585:log-group:/aws/lambda/delete-lambda:*\",\"Sid\":\"\"}],\"Version\":\"2012-10-17\"}",
            "policy_id": "ANPATVIEFEF45XLW2MGGH",
            "tags": {},
            "tags_all": {}
          },
          "sensitive_attributes": [],
          "private": "bnVsbA==",
          "dependencies": [
            "aws_cloudwatch_log_group.delete_lambda_logging",
            "data.aws_caller_identity.current",
            "data.aws_iam_policy_document.delete_lambda_logging_policy_document",
            "data.aws_region.current"
          ]
        }
      ]
    },
    {
      "mode": "managed",
      "type": "aws_iam_policy",
      "name": "delete_lambda_s3_policy",
      "provider": "provider[\"registry.terraform.io/hashicorp/aws\"]",
      "instances": [
        {
          "schema_version": 0,
          "attributes": {
            "arn": "arn:aws:iam::251801182585:policy/delete-lambda-s3-policy",
            "description": "Allows Sanity lambda to delete assets from S3",
            "id": "arn:aws:iam::251801182585:policy/delete-lambda-s3-policy",
            "name": "delete-lambda-s3-policy",
            "name_prefix": null,
            "path": "/",
            "policy": "{\"Statement\":[{\"Action\":\"s3:DeleteObject\",\"Effect\":\"Allow\",\"Resource\":\"arn:aws:s3:::ph-sanity-video/*\",\"Sid\":\"AllowS3Access\"}],\"Version\":\"2012-10-17\"}",
            "policy_id": "ANPATVIEFEF45T33SUO7E",
            "tags": {},
            "tags_all": {}
          },
          "sensitive_attributes": [],
          "private": "bnVsbA==",
          "dependencies": [
            "aws_s3_bucket.source",
            "data.aws_iam_policy_document.delete_lambda_s3_policy_document"
          ]
        }
      ]
    },
    {
      "mode": "managed",
      "type": "aws_iam_policy",
      "name": "get_signed_url_lambda_logging_policy",
      "provider": "provider[\"registry.terraform.io/hashicorp/aws\"]",
      "instances": [
        {
          "schema_version": 0,
          "attributes": {
            "arn": "arn:aws:iam::251801182585:policy/get-signed-url-lambda-logging-policy",
            "description": "Policy for logging output from sanity s3 signed url function",
            "id": "arn:aws:iam::251801182585:policy/get-signed-url-lambda-logging-policy",
            "name": "get-signed-url-lambda-logging-policy",
            "name_prefix": null,
            "path": "/",
            "policy": "{\"Statement\":[{\"Action\":\"logs:CreateLogGroup\",\"Effect\":\"Allow\",\"Resource\":\"arn:aws:logs:ap-southeast-2:251801182585:*\",\"Sid\":\"\"},{\"Action\":[\"logs:PutLogEvents\",\"logs:CreateLogStream\"],\"Effect\":\"Allow\",\"Resource\":\"arn:aws:logs:ap-southeast-2:251801182585:log-group:/aws/lambda/get-signed-url-lambda:*\",\"Sid\":\"\"}],\"Version\":\"2012-10-17\"}",
            "policy_id": "ANPATVIEFEF4666VL42ZR",
            "tags": {},
            "tags_all": {}
          },
          "sensitive_attributes": [],
          "private": "bnVsbA==",
          "dependencies": [
            "aws_cloudwatch_log_group.get_signed_url_lambda_logging",
            "data.aws_caller_identity.current",
            "data.aws_iam_policy_document.get_signed_url_lambda_logging_policy_document",
            "data.aws_region.current"
          ]
        }
      ]
    },
    {
      "mode": "managed",
      "type": "aws_iam_policy",
      "name": "get_signed_url_lambda_s3_policy",
      "provider": "provider[\"registry.terraform.io/hashicorp/aws\"]",
      "instances": [
        {
          "schema_version": 0,
          "attributes": {
            "arn": "arn:aws:iam::251801182585:policy/get-signed-url-lambda-s3-policy",
            "description": "Allows Sanity lambda to upload assets",
            "id": "arn:aws:iam::251801182585:policy/get-signed-url-lambda-s3-policy",
            "name": "get-signed-url-lambda-s3-policy",
            "name_prefix": null,
            "path": "/",
            "policy": "{\"Statement\":[{\"Action\":[\"s3:PutObjectAcl\",\"s3:PutObject\"],\"Effect\":\"Allow\",\"Resource\":\"arn:aws:s3:::ph-sanity-video/*\",\"Sid\":\"AllowS3Access\"}],\"Version\":\"2012-10-17\"}",
            "policy_id": "ANPATVIEFEF4X67TYAALM",
            "tags": {},
            "tags_all": {}
          },
          "sensitive_attributes": [],
          "private": "bnVsbA==",
          "dependencies": [
            "aws_s3_bucket.source",
            "data.aws_iam_policy_document.get_signed_url_lambda_s3_policy_document"
          ]
        }
      ]
    },
    {
      "mode": "managed",
      "type": "aws_iam_policy",
      "name": "mediaconvert_s3_policy",
      "provider": "provider[\"registry.terraform.io/hashicorp/aws\"]",
      "instances": [
        {
          "schema_version": 0,
          "attributes": {
            "arn": "arn:aws:iam::251801182585:policy/sanity-video-job-s3-policy",
            "description": "",
            "id": "arn:aws:iam::251801182585:policy/sanity-video-job-s3-policy",
            "name": "sanity-video-job-s3-policy",
            "name_prefix": null,
            "path": "/",
            "policy": "{\"Statement\":[{\"Action\":[\"s3:List*\",\"s3:Get*\"],\"Effect\":\"Allow\",\"Resource\":\"arn:aws:s3:::ph-sanity-video/*\",\"Sid\":\"GetObjectsFromSource\"},{\"Action\":\"s3:Put*\",\"Effect\":\"Allow\",\"Resource\":\"arn:aws:s3:::ph-sanity-generated-video/*\",\"Sid\":\"PutObjectsInDestination\"}],\"Version\":\"2012-10-17\"}",
            "policy_id": "ANPATVIEFEF44DTWPOZD4",
            "tags": {},
            "tags_all": {}
          },
          "sensitive_attributes": [],
          "private": "bnVsbA==",
          "dependencies": [
            "aws_s3_bucket.destination",
            "aws_s3_bucket.source",
            "data.aws_iam_policy_document.mediaconvert_role_s3_policy_document"
          ]
        }
      ]
    },
    {
      "mode": "managed",
      "type": "aws_iam_role",
      "name": "conversion_lambda_role",
      "provider": "provider[\"registry.terraform.io/hashicorp/aws\"]",
      "instances": [
        {
          "schema_version": 0,
          "attributes": {
            "arn": "arn:aws:iam::251801182585:role/create-sanity-video-job-lambda-role",
            "assume_role_policy": "{\"Statement\":[{\"Action\":\"sts:AssumeRole\",\"Effect\":\"Allow\",\"Principal\":{\"Service\":\"lambda.amazonaws.com\"},\"Sid\":\"AllowAssumeRole\"}],\"Version\":\"2012-10-17\"}",
            "create_date": "2022-11-15T05:44:31Z",
            "description": "",
            "force_detach_policies": false,
            "id": "create-sanity-video-job-lambda-role",
            "inline_policy": [],
            "managed_policy_arns": [
              "arn:aws:iam::251801182585:policy/create-sanity-video-job-lambda-logging-policy",
              "arn:aws:iam::251801182585:policy/create-sanity-video-job-lambda-mediaconvert-policy",
              "arn:aws:iam::251801182585:policy/create-sanity-video-job-lambda-s3-policy"
            ],
            "max_session_duration": 3600,
            "name": "create-sanity-video-job-lambda-role",
            "name_prefix": "",
            "path": "/",
            "permissions_boundary": null,
            "tags": {},
            "tags_all": {},
            "unique_id": "AROATVIEFEF4T555ATXVW"
          },
          "sensitive_attributes": [],
          "private": "bnVsbA==",
          "dependencies": [
            "data.aws_iam_policy_document.conversion_lambda_role_assume_role_policy_document"
          ]
        }
      ]
    },
    {
      "mode": "managed",
      "type": "aws_iam_role",
      "name": "delete_lambda_role",
      "provider": "provider[\"registry.terraform.io/hashicorp/aws\"]",
      "instances": [
        {
          "schema_version": 0,
          "attributes": {
            "arn": "arn:aws:iam::251801182585:role/delete-lambda-role",
            "assume_role_policy": "{\"Statement\":[{\"Action\":\"sts:AssumeRole\",\"Effect\":\"Allow\",\"Principal\":{\"Service\":\"lambda.amazonaws.com\"},\"Sid\":\"\"}],\"Version\":\"2012-10-17\"}",
            "create_date": "2022-11-15T05:44:31Z",
            "description": "",
            "force_detach_policies": false,
            "id": "delete-lambda-role",
            "inline_policy": [],
            "managed_policy_arns": [
              "arn:aws:iam::251801182585:policy/delete-lambda-s3-policy",
              "arn:aws:iam::251801182585:policy/get-signed-url-lambda-logging-policy"
            ],
            "max_session_duration": 3600,
            "name": "delete-lambda-role",
            "name_prefix": "",
            "path": "/",
            "permissions_boundary": null,
            "tags": {},
            "tags_all": {},
            "unique_id": "AROATVIEFEF4YIH3VVHSW"
          },
          "sensitive_attributes": [],
          "private": "bnVsbA==",
          "dependencies": [
            "data.aws_iam_policy_document.delete_lambda_role_policy_document"
          ]
        }
      ]
    },
    {
      "mode": "managed",
      "type": "aws_iam_role",
      "name": "get_signed_url_lambda_role",
      "provider": "provider[\"registry.terraform.io/hashicorp/aws\"]",
      "instances": [
        {
          "schema_version": 0,
          "attributes": {
            "arn": "arn:aws:iam::251801182585:role/get-signed-url-lambda-role",
            "assume_role_policy": "{\"Statement\":[{\"Action\":\"sts:AssumeRole\",\"Effect\":\"Allow\",\"Principal\":{\"Service\":\"lambda.amazonaws.com\"},\"Sid\":\"\"}],\"Version\":\"2012-10-17\"}",
            "create_date": "2022-11-15T05:44:31Z",
            "description": "",
            "force_detach_policies": false,
            "id": "get-signed-url-lambda-role",
            "inline_policy": [],
            "managed_policy_arns": [
              "arn:aws:iam::251801182585:policy/get-signed-url-lambda-logging-policy",
              "arn:aws:iam::251801182585:policy/get-signed-url-lambda-s3-policy"
            ],
            "max_session_duration": 3600,
            "name": "get-signed-url-lambda-role",
            "name_prefix": "",
            "path": "/",
            "permissions_boundary": null,
            "tags": {},
            "tags_all": {},
            "unique_id": "AROATVIEFEF4TAAOVPRMT"
          },
          "sensitive_attributes": [],
          "private": "bnVsbA==",
          "dependencies": [
            "data.aws_iam_policy_document.get_signed_url_lambda_role_policy_document"
          ]
        }
      ]
    },
    {
      "mode": "managed",
      "type": "aws_iam_role",
      "name": "mediaconvert_role",
      "provider": "provider[\"registry.terraform.io/hashicorp/aws\"]",
      "instances": [
        {
          "schema_version": 0,
          "attributes": {
            "arn": "arn:aws:iam::251801182585:role/sanity-video-job-role",
            "assume_role_policy": "{\"Statement\":[{\"Action\":\"sts:AssumeRole\",\"Effect\":\"Allow\",\"Principal\":{\"Service\":\"mediaconvert.amazonaws.com\"},\"Sid\":\"AllowAssumeRole\"}],\"Version\":\"2012-10-17\"}",
            "create_date": "2022-11-15T05:44:31Z",
            "description": "Enables MediaConvert jobs to access input and output buckets for Sanity video",
            "force_detach_policies": false,
            "id": "sanity-video-job-role",
            "inline_policy": [],
            "managed_policy_arns": [
              "arn:aws:iam::251801182585:policy/sanity-video-job-s3-policy"
            ],
            "max_session_duration": 3600,
            "name": "sanity-video-job-role",
            "name_prefix": "",
            "path": "/",
            "permissions_boundary": null,
            "tags": {},
            "tags_all": {},
            "unique_id": "AROATVIEFEF4ZI2FX6M6S"
          },
          "sensitive_attributes": [],
          "private": "bnVsbA==",
          "dependencies": [
            "data.aws_iam_policy_document.mediaconvert_role_policy_document"
          ]
        }
      ]
    },
    {
      "mode": "managed",
      "type": "aws_iam_role_policy_attachment",
      "name": "conversion_lambda_logging_policy_attachment",
      "provider": "provider[\"registry.terraform.io/hashicorp/aws\"]",
      "instances": [
        {
          "schema_version": 0,
          "attributes": {
            "id": "create-sanity-video-job-lambda-role-20221115054433421700000003",
            "policy_arn": "arn:aws:iam::251801182585:policy/create-sanity-video-job-lambda-logging-policy",
            "role": "create-sanity-video-job-lambda-role"
          },
          "sensitive_attributes": [],
          "private": "bnVsbA==",
          "dependencies": [
            "aws_cloudwatch_log_group.conversion_lambda_logging",
            "aws_iam_policy.conversion_lambda_logging_policy",
            "aws_iam_role.conversion_lambda_role",
            "data.aws_caller_identity.current",
            "data.aws_iam_policy_document.conversion_lambda_role_assume_role_policy_document",
            "data.aws_iam_policy_document.conversion_lambda_role_logging_policy_document",
            "data.aws_region.current"
          ]
        }
      ]
    },
    {
      "mode": "managed",
      "type": "aws_iam_role_policy_attachment",
      "name": "conversion_lambda_s3_policy_attachment",
      "provider": "provider[\"registry.terraform.io/hashicorp/aws\"]",
      "instances": [
        {
          "schema_version": 0,
          "attributes": {
            "id": "create-sanity-video-job-lambda-role-20221115054433665000000007",
            "policy_arn": "arn:aws:iam::251801182585:policy/create-sanity-video-job-lambda-s3-policy",
            "role": "create-sanity-video-job-lambda-role"
          },
          "sensitive_attributes": [],
          "private": "bnVsbA==",
          "dependencies": [
            "aws_iam_policy.conversion_lambda_s3_policy",
            "aws_iam_role.conversion_lambda_role",
            "aws_s3_bucket.source",
            "data.aws_iam_policy_document.conversion_lambda_role_assume_role_policy_document",
            "data.aws_iam_policy_document.conversion_lambda_role_s3_execution_policy_document"
          ]
        }
      ]
    },
    {
      "mode": "managed",
      "type": "aws_iam_role_policy_attachment",
      "name": "delete_lambda_logging_policy_attachment",
      "provider": "provider[\"registry.terraform.io/hashicorp/aws\"]",
      "instances": [
        {
          "schema_version": 0,
          "attributes": {
            "id": "delete-lambda-role-20221115054433402900000002",
            "policy_arn": "arn:aws:iam::251801182585:policy/get-signed-url-lambda-logging-policy",
            "role": "delete-lambda-role"
          },
          "sensitive_attributes": [],
          "private": "bnVsbA==",
          "dependencies": [
            "aws_cloudwatch_log_group.get_signed_url_lambda_logging",
            "aws_iam_policy.get_signed_url_lambda_logging_policy",
            "aws_iam_role.delete_lambda_role",
            "data.aws_caller_identity.current",
            "data.aws_iam_policy_document.delete_lambda_role_policy_document",
            "data.aws_iam_policy_document.get_signed_url_lambda_logging_policy_document",
            "data.aws_region.current"
          ]
        }
      ]
    },
    {
      "mode": "managed",
      "type": "aws_iam_role_policy_attachment",
      "name": "delete_lambda_s3_policy_attachment",
      "provider": "provider[\"registry.terraform.io/hashicorp/aws\"]",
      "instances": [
        {
          "schema_version": 0,
          "attributes": {
            "id": "delete-lambda-role-20221115054433422000000004",
            "policy_arn": "arn:aws:iam::251801182585:policy/delete-lambda-s3-policy",
            "role": "delete-lambda-role"
          },
          "sensitive_attributes": [],
          "private": "bnVsbA==",
          "dependencies": [
            "aws_iam_policy.delete_lambda_s3_policy",
            "aws_iam_role.delete_lambda_role",
            "aws_s3_bucket.source",
            "data.aws_iam_policy_document.delete_lambda_role_policy_document",
            "data.aws_iam_policy_document.delete_lambda_s3_policy_document"
          ]
        }
      ]
    },
    {
      "mode": "managed",
      "type": "aws_iam_role_policy_attachment",
      "name": "get_signed_url_lambda_logging_policy_attachment",
      "provider": "provider[\"registry.terraform.io/hashicorp/aws\"]",
      "instances": [
        {
          "schema_version": 0,
          "attributes": {
            "id": "get-signed-url-lambda-role-20221115054433256000000001",
            "policy_arn": "arn:aws:iam::251801182585:policy/get-signed-url-lambda-logging-policy",
            "role": "get-signed-url-lambda-role"
          },
          "sensitive_attributes": [],
          "private": "bnVsbA==",
          "dependencies": [
            "aws_cloudwatch_log_group.get_signed_url_lambda_logging",
            "aws_iam_policy.get_signed_url_lambda_logging_policy",
            "aws_iam_role.get_signed_url_lambda_role",
            "data.aws_caller_identity.current",
            "data.aws_iam_policy_document.get_signed_url_lambda_logging_policy_document",
            "data.aws_iam_policy_document.get_signed_url_lambda_role_policy_document",
            "data.aws_region.current"
          ]
        }
      ]
    },
    {
      "mode": "managed",
      "type": "aws_iam_role_policy_attachment",
      "name": "get_signed_url_lambda_s3_policy_attachment",
      "provider": "provider[\"registry.terraform.io/hashicorp/aws\"]",
      "instances": [
        {
          "schema_version": 0,
          "attributes": {
            "id": "get-signed-url-lambda-role-20221115054433537700000005",
            "policy_arn": "arn:aws:iam::251801182585:policy/get-signed-url-lambda-s3-policy",
            "role": "get-signed-url-lambda-role"
          },
          "sensitive_attributes": [],
          "private": "bnVsbA==",
          "dependencies": [
            "aws_iam_policy.get_signed_url_lambda_s3_policy",
            "aws_iam_role.get_signed_url_lambda_role",
            "aws_s3_bucket.source",
            "data.aws_iam_policy_document.get_signed_url_lambda_role_policy_document",
            "data.aws_iam_policy_document.get_signed_url_lambda_s3_policy_document"
          ]
        }
      ]
    },
    {
      "mode": "managed",
      "type": "aws_iam_role_policy_attachment",
      "name": "lambda_role_mediaconvert_policy_attachment",
      "provider": "provider[\"registry.terraform.io/hashicorp/aws\"]",
      "instances": [
        {
          "schema_version": 0,
          "attributes": {
            "id": "create-sanity-video-job-lambda-role-20221115054434088300000008",
            "policy_arn": "arn:aws:iam::251801182585:policy/create-sanity-video-job-lambda-mediaconvert-policy",
            "role": "create-sanity-video-job-lambda-role"
          },
          "sensitive_attributes": [],
          "private": "bnVsbA==",
          "dependencies": [
            "aws_iam_policy.conversion_lambda-mediaconvert-policy",
            "aws_iam_role.conversion_lambda_role",
            "aws_iam_role.mediaconvert_role",
            "aws_media_convert_queue.queue",
            "data.aws_caller_identity.current",
            "data.aws_iam_policy_document.conversion_lambda_role_assume_role_policy_document",
            "data.aws_iam_policy_document.conversion_lambda_role_mediaconvert_policy_document",
            "data.aws_iam_policy_document.mediaconvert_role_policy_document",
            "data.aws_region.current"
          ]
        }
      ]
    },
    {
      "mode": "managed",
      "type": "aws_iam_role_policy_attachment",
      "name": "mediaconvert_s3_policy_attachment",
      "provider": "provider[\"registry.terraform.io/hashicorp/aws\"]",
      "instances": [
        {
          "schema_version": 0,
          "attributes": {
            "id": "sanity-video-job-role-20221115054433587700000006",
            "policy_arn": "arn:aws:iam::251801182585:policy/sanity-video-job-s3-policy",
            "role": "sanity-video-job-role"
          },
          "sensitive_attributes": [],
          "private": "bnVsbA==",
          "dependencies": [
            "aws_iam_policy.mediaconvert_s3_policy",
            "aws_iam_role.mediaconvert_role",
            "aws_s3_bucket.destination",
            "aws_s3_bucket.source",
            "data.aws_iam_policy_document.mediaconvert_role_policy_document",
            "data.aws_iam_policy_document.mediaconvert_role_s3_policy_document"
          ]
        }
      ]
    },
    {
      "mode": "managed",
      "type": "aws_lambda_function",
      "name": "conversion_lambda",
      "provider": "provider[\"registry.terraform.io/hashicorp/aws\"]",
      "instances": [
        {
          "schema_version": 0,
          "attributes": {
            "architectures": [
              "x86_64"
            ],
            "arn": "arn:aws:lambda:ap-southeast-2:251801182585:function:create-sanity-video-job-lambda",
            "code_signing_config_arn": "",
            "dead_letter_config": [],
            "description": "",
            "environment": [
              {
                "variables": {
                  "destination": "ph-sanity-generated-video",
                  "queue": "arn:aws:mediaconvert:ap-southeast-2:251801182585:queues/sanity-video-job-queue",
                  "role": "arn:aws:iam::251801182585:role/sanity-video-job-role"
                }
              }
            ],
            "ephemeral_storage": [
              {
                "size": 512
              }
            ],
            "file_system_config": [],
            "filename": "./src/create-sanity-video-job-lambda.zip",
            "function_name": "create-sanity-video-job-lambda",
            "handler": "conversion.handler",
            "id": "create-sanity-video-job-lambda",
            "image_config": [],
            "image_uri": "",
            "invoke_arn": "arn:aws:apigateway:ap-southeast-2:lambda:path/2015-03-31/functions/arn:aws:lambda:ap-southeast-2:251801182585:function:create-sanity-video-job-lambda/invocations",
            "kms_key_arn": "",
            "last_modified": "2022-11-15T06:33:11.000+0000",
            "layers": [],
            "memory_size": 128,
            "package_type": "Zip",
            "publish": false,
            "qualified_arn": "arn:aws:lambda:ap-southeast-2:251801182585:function:create-sanity-video-job-lambda:$LATEST",
            "qualified_invoke_arn": "arn:aws:apigateway:ap-southeast-2:lambda:path/2015-03-31/functions/arn:aws:lambda:ap-southeast-2:251801182585:function:create-sanity-video-job-lambda:$LATEST/invocations",
            "reserved_concurrent_executions": -1,
            "role": "arn:aws:iam::251801182585:role/create-sanity-video-job-lambda-role",
            "runtime": "nodejs16.x",
            "s3_bucket": null,
            "s3_key": null,
            "s3_object_version": null,
            "signing_job_arn": "",
            "signing_profile_version_arn": "",
            "source_code_hash": "Np4OkaYDxsDg9rkfZ66WnOqRumvYnWuCsWkuArMGVf0=",
            "source_code_size": 1937,
            "tags": {},
            "tags_all": {},
            "timeout": 900,
            "timeouts": null,
            "tracing_config": [
              {
                "mode": "PassThrough"
              }
            ],
            "version": "$LATEST",
            "vpc_config": []
          },
          "sensitive_attributes": [],
          "private": "eyJlMmJmYjczMC1lY2FhLTExZTYtOGY4OC0zNDM2M2JjN2M0YzAiOnsiY3JlYXRlIjo2MDAwMDAwMDAwMDB9fQ==",
          "dependencies": [
            "aws_cloudwatch_log_group.conversion_lambda_logging",
            "aws_iam_policy.conversion_lambda_logging_policy",
            "aws_iam_role.conversion_lambda_role",
            "aws_iam_role.mediaconvert_role",
            "aws_iam_role_policy_attachment.conversion_lambda_logging_policy_attachment",
            "aws_media_convert_queue.queue",
            "aws_s3_bucket.destination",
            "data.archive_file.conversion_lambda_src",
            "data.aws_caller_identity.current",
            "data.aws_iam_policy_document.conversion_lambda_role_assume_role_policy_document",
            "data.aws_iam_policy_document.conversion_lambda_role_logging_policy_document",
            "data.aws_iam_policy_document.mediaconvert_role_policy_document",
            "data.aws_region.current"
          ]
        }
      ]
    },
    {
      "mode": "managed",
      "type": "aws_lambda_function",
      "name": "delete_lambda",
      "provider": "provider[\"registry.terraform.io/hashicorp/aws\"]",
      "instances": [
        {
          "schema_version": 0,
          "attributes": {
            "architectures": [
              "x86_64"
            ],
            "arn": "arn:aws:lambda:ap-southeast-2:251801182585:function:delete-lambda",
            "code_signing_config_arn": "",
            "dead_letter_config": [],
            "description": "",
            "environment": [
              {
                "variables": {
                  "bucket": "ph-sanity-video",
                  "region": "ap-southeast-2",
                  "secret": "testkey"
                }
              }
            ],
            "ephemeral_storage": [
              {
                "size": 512
              }
            ],
            "file_system_config": [],
            "filename": "./src/delete-lambda.zip",
            "function_name": "delete-lambda",
            "handler": "delete.handler",
            "id": "delete-lambda",
            "image_config": [],
            "image_uri": "",
            "invoke_arn": "arn:aws:apigateway:ap-southeast-2:lambda:path/2015-03-31/functions/arn:aws:lambda:ap-southeast-2:251801182585:function:delete-lambda/invocations",
            "kms_key_arn": "",
            "last_modified": "2022-11-15T05:45:05.537+0000",
            "layers": [],
            "memory_size": 128,
            "package_type": "Zip",
            "publish": false,
            "qualified_arn": "arn:aws:lambda:ap-southeast-2:251801182585:function:delete-lambda:$LATEST",
            "qualified_invoke_arn": "arn:aws:apigateway:ap-southeast-2:lambda:path/2015-03-31/functions/arn:aws:lambda:ap-southeast-2:251801182585:function:delete-lambda:$LATEST/invocations",
            "reserved_concurrent_executions": -1,
            "role": "arn:aws:iam::251801182585:role/delete-lambda-role",
            "runtime": "nodejs16.x",
            "s3_bucket": null,
            "s3_key": null,
            "s3_object_version": null,
            "signing_job_arn": "",
            "signing_profile_version_arn": "",
            "source_code_hash": "aycGEixAvEFZgw3KxH7zloZFOgp/y930AR7miKVNZOM=",
            "source_code_size": 898,
            "tags": {},
            "tags_all": {},
            "timeout": 3,
            "timeouts": null,
            "tracing_config": [
              {
                "mode": "PassThrough"
              }
            ],
            "version": "$LATEST",
            "vpc_config": []
          },
          "sensitive_attributes": [],
          "private": "eyJlMmJmYjczMC1lY2FhLTExZTYtOGY4OC0zNDM2M2JjN2M0YzAiOnsiY3JlYXRlIjo2MDAwMDAwMDAwMDB9fQ==",
          "dependencies": [
            "aws_cloudwatch_log_group.delete_lambda_logging",
            "aws_cloudwatch_log_group.get_signed_url_lambda_logging",
            "aws_iam_policy.get_signed_url_lambda_logging_policy",
            "aws_iam_role.delete_lambda_role",
            "aws_iam_role_policy_attachment.delete_lambda_logging_policy_attachment",
            "aws_s3_bucket.source",
            "data.archive_file.delete_lambda_src",
            "data.aws_caller_identity.current",
            "data.aws_iam_policy_document.delete_lambda_role_policy_document",
            "data.aws_iam_policy_document.get_signed_url_lambda_logging_policy_document",
            "data.aws_region.current"
          ]
        }
      ]
    },
    {
      "mode": "managed",
      "type": "aws_lambda_function",
      "name": "get_signed_url_lambda",
      "provider": "provider[\"registry.terraform.io/hashicorp/aws\"]",
      "instances": [
        {
          "schema_version": 0,
          "attributes": {
            "architectures": [
              "x86_64"
            ],
            "arn": "arn:aws:lambda:ap-southeast-2:251801182585:function:get-signed-url-lambda",
            "code_signing_config_arn": "",
            "dead_letter_config": [],
            "description": "",
            "environment": [
              {
                "variables": {
                  "bucket": "ph-sanity-video",
                  "region": "ap-southeast-2",
                  "secret": "testkey"
                }
              }
            ],
            "ephemeral_storage": [
              {
                "size": 512
              }
            ],
            "file_system_config": [],
            "filename": "./src/get-signed-url-lambda.zip",
            "function_name": "get-signed-url-lambda",
            "handler": "getSignedUrl.handler",
            "id": "get-signed-url-lambda",
            "image_config": [],
            "image_uri": "",
            "invoke_arn": "arn:aws:apigateway:ap-southeast-2:lambda:path/2015-03-31/functions/arn:aws:lambda:ap-southeast-2:251801182585:function:get-signed-url-lambda/invocations",
            "kms_key_arn": "",
            "last_modified": "2022-11-15T05:44:54.815+0000",
            "layers": [],
            "memory_size": 128,
            "package_type": "Zip",
            "publish": false,
            "qualified_arn": "arn:aws:lambda:ap-southeast-2:251801182585:function:get-signed-url-lambda:$LATEST",
            "qualified_invoke_arn": "arn:aws:apigateway:ap-southeast-2:lambda:path/2015-03-31/functions/arn:aws:lambda:ap-southeast-2:251801182585:function:get-signed-url-lambda:$LATEST/invocations",
            "reserved_concurrent_executions": -1,
            "role": "arn:aws:iam::251801182585:role/get-signed-url-lambda-role",
            "runtime": "nodejs16.x",
            "s3_bucket": null,
            "s3_key": null,
            "s3_object_version": null,
            "signing_job_arn": "",
            "signing_profile_version_arn": "",
            "source_code_hash": "HKqHRND8Enjo/elDL927SNY//DW/oKjp095QpMK50IA=",
            "source_code_size": 1042,
            "tags": {},
            "tags_all": {},
            "timeout": 3,
            "timeouts": null,
            "tracing_config": [
              {
                "mode": "PassThrough"
              }
            ],
            "version": "$LATEST",
            "vpc_config": []
          },
          "sensitive_attributes": [],
          "private": "eyJlMmJmYjczMC1lY2FhLTExZTYtOGY4OC0zNDM2M2JjN2M0YzAiOnsiY3JlYXRlIjo2MDAwMDAwMDAwMDB9fQ==",
          "dependencies": [
            "aws_cloudwatch_log_group.get_signed_url_lambda_logging",
            "aws_iam_policy.get_signed_url_lambda_logging_policy",
            "aws_iam_role.get_signed_url_lambda_role",
            "aws_iam_role_policy_attachment.get_signed_url_lambda_logging_policy_attachment",
            "aws_s3_bucket.source",
            "data.archive_file.get_signed_url_lambda_src",
            "data.aws_caller_identity.current",
            "data.aws_iam_policy_document.get_signed_url_lambda_logging_policy_document",
            "data.aws_iam_policy_document.get_signed_url_lambda_role_policy_document",
            "data.aws_region.current"
          ]
        }
      ]
    },
    {
      "mode": "managed",
      "type": "aws_lambda_permission",
      "name": "apigw_delete_lambda_permission",
      "provider": "provider[\"registry.terraform.io/hashicorp/aws\"]",
      "instances": [
        {
          "schema_version": 0,
          "attributes": {
            "action": "lambda:InvokeFunction",
            "event_source_token": null,
            "function_name": "delete-lambda",
            "function_url_auth_type": null,
            "id": "AllowAPIGatewayInvokation",
            "principal": "apigateway.amazonaws.com",
            "principal_org_id": null,
            "qualifier": "",
            "source_account": null,
            "source_arn": "arn:aws:execute-api:ap-southeast-2:251801182585:lu5emm4n8b/*/*/delete",
            "statement_id": "AllowAPIGatewayInvokation",
            "statement_id_prefix": ""
          },
          "sensitive_attributes": [],
          "private": "bnVsbA==",
          "dependencies": [
            "aws_apigatewayv2_api.sanity-s3-api",
            "aws_cloudwatch_log_group.delete_lambda_logging",
            "aws_cloudwatch_log_group.get_signed_url_lambda_logging",
            "aws_iam_policy.get_signed_url_lambda_logging_policy",
            "aws_iam_role.delete_lambda_role",
            "aws_iam_role_policy_attachment.delete_lambda_logging_policy_attachment",
            "aws_lambda_function.delete_lambda",
            "aws_s3_bucket.source",
            "data.archive_file.delete_lambda_src",
            "data.aws_caller_identity.current",
            "data.aws_iam_policy_document.delete_lambda_role_policy_document",
            "data.aws_iam_policy_document.get_signed_url_lambda_logging_policy_document",
            "data.aws_region.current"
          ]
        }
      ]
    },
    {
      "mode": "managed",
      "type": "aws_lambda_permission",
      "name": "apigw_get_lambda_permission",
      "provider": "provider[\"registry.terraform.io/hashicorp/aws\"]",
      "instances": [
        {
          "schema_version": 0,
          "attributes": {
            "action": "lambda:InvokeFunction",
            "event_source_token": null,
            "function_name": "get-signed-url-lambda",
            "function_url_auth_type": null,
            "id": "AllowAPIGatewayInvokation",
            "principal": "apigateway.amazonaws.com",
            "principal_org_id": null,
            "qualifier": "",
            "source_account": null,
            "source_arn": "arn:aws:execute-api:ap-southeast-2:251801182585:lu5emm4n8b/*/*/get",
            "statement_id": "AllowAPIGatewayInvokation",
            "statement_id_prefix": ""
          },
          "sensitive_attributes": [],
          "private": "bnVsbA==",
          "dependencies": [
            "aws_apigatewayv2_api.sanity-s3-api",
            "aws_cloudwatch_log_group.get_signed_url_lambda_logging",
            "aws_iam_policy.get_signed_url_lambda_logging_policy",
            "aws_iam_role.get_signed_url_lambda_role",
            "aws_iam_role_policy_attachment.get_signed_url_lambda_logging_policy_attachment",
            "aws_lambda_function.get_signed_url_lambda",
            "aws_s3_bucket.source",
            "data.archive_file.get_signed_url_lambda_src",
            "data.aws_caller_identity.current",
            "data.aws_iam_policy_document.get_signed_url_lambda_logging_policy_document",
            "data.aws_iam_policy_document.get_signed_url_lambda_role_policy_document",
            "data.aws_region.current"
          ]
        }
      ]
    },
    {
      "mode": "managed",
      "type": "aws_lambda_permission",
      "name": "enable_lambda_trigger",
      "provider": "provider[\"registry.terraform.io/hashicorp/aws\"]",
      "instances": [
        {
          "schema_version": 0,
          "attributes": {
            "action": "lambda:InvokeFunction",
            "event_source_token": null,
            "function_name": "create-sanity-video-job-lambda",
            "function_url_auth_type": null,
            "id": "AllowExecutionFromS3Bucket",
            "principal": "s3.amazonaws.com",
            "principal_org_id": null,
            "qualifier": "",
            "source_account": null,
            "source_arn": "arn:aws:s3:::ph-sanity-video",
            "statement_id": "AllowExecutionFromS3Bucket",
            "statement_id_prefix": ""
          },
          "sensitive_attributes": [],
          "private": "bnVsbA==",
          "dependencies": [
            "aws_cloudwatch_log_group.conversion_lambda_logging",
            "aws_iam_policy.conversion_lambda_logging_policy",
            "aws_iam_role.conversion_lambda_role",
            "aws_iam_role.mediaconvert_role",
            "aws_iam_role_policy_attachment.conversion_lambda_logging_policy_attachment",
            "aws_lambda_function.conversion_lambda",
            "aws_media_convert_queue.queue",
            "aws_s3_bucket.destination",
            "aws_s3_bucket.source",
            "data.archive_file.conversion_lambda_src",
            "data.aws_caller_identity.current",
            "data.aws_iam_policy_document.conversion_lambda_role_assume_role_policy_document",
            "data.aws_iam_policy_document.conversion_lambda_role_logging_policy_document",
            "data.aws_iam_policy_document.mediaconvert_role_policy_document",
            "data.aws_region.current"
          ]
        }
      ]
    },
    {
      "mode": "managed",
      "type": "aws_media_convert_queue",
      "name": "queue",
      "provider": "provider[\"registry.terraform.io/hashicorp/aws\"]",
      "instances": [
        {
          "schema_version": 0,
          "attributes": {
            "arn": "arn:aws:mediaconvert:ap-southeast-2:251801182585:queues/sanity-video-job-queue",
            "description": "",
            "id": "sanity-video-job-queue",
            "name": "sanity-video-job-queue",
            "pricing_plan": "ON_DEMAND",
            "reservation_plan_settings": [],
            "status": "ACTIVE",
            "tags": {},
            "tags_all": {}
          },
          "sensitive_attributes": [],
          "private": "bnVsbA=="
        }
      ]
    },
    {
      "mode": "managed",
      "type": "aws_s3_bucket",
      "name": "destination",
      "provider": "provider[\"registry.terraform.io/hashicorp/aws\"]",
      "instances": [
        {
          "schema_version": 0,
          "attributes": {
            "acceleration_status": "",
            "acl": null,
            "arn": "arn:aws:s3:::ph-sanity-generated-video",
            "bucket": "ph-sanity-generated-video",
            "bucket_domain_name": "ph-sanity-generated-video.s3.amazonaws.com",
            "bucket_prefix": null,
            "bucket_regional_domain_name": "ph-sanity-generated-video.s3.ap-southeast-2.amazonaws.com",
            "cors_rule": [],
            "force_destroy": false,
            "grant": [
              {
                "id": "cc059c83875fe0b9cae8b346ce0bd10a0052213d7607deb4c6c24496a4a18e40",
                "permissions": [
                  "FULL_CONTROL"
                ],
                "type": "CanonicalUser",
                "uri": ""
              }
            ],
            "hosted_zone_id": "Z1WCIGYICN2BYD",
            "id": "ph-sanity-generated-video",
            "lifecycle_rule": [],
            "logging": [],
            "object_lock_configuration": [],
            "object_lock_enabled": false,
            "policy": "",
            "region": "ap-southeast-2",
            "replication_configuration": [],
            "request_payer": "BucketOwner",
            "server_side_encryption_configuration": [],
            "tags": {},
            "tags_all": {},
            "timeouts": null,
            "versioning": [
              {
                "enabled": false,
                "mfa_delete": false
              }
            ],
            "website": [],
            "website_domain": null,
            "website_endpoint": null
          },
          "sensitive_attributes": [],
          "private": "eyJlMmJmYjczMC1lY2FhLTExZTYtOGY4OC0zNDM2M2JjN2M0YzAiOnsiY3JlYXRlIjoxMjAwMDAwMDAwMDAwLCJkZWxldGUiOjM2MDAwMDAwMDAwMDAsInJlYWQiOjEyMDAwMDAwMDAwMDAsInVwZGF0ZSI6MTIwMDAwMDAwMDAwMH19"
        }
      ]
    },
    {
      "mode": "managed",
      "type": "aws_s3_bucket",
      "name": "source",
      "provider": "provider[\"registry.terraform.io/hashicorp/aws\"]",
      "instances": [
        {
          "schema_version": 0,
          "attributes": {
            "acceleration_status": "",
            "acl": null,
            "arn": "arn:aws:s3:::ph-sanity-video",
            "bucket": "ph-sanity-video",
            "bucket_domain_name": "ph-sanity-video.s3.amazonaws.com",
            "bucket_prefix": null,
            "bucket_regional_domain_name": "ph-sanity-video.s3.ap-southeast-2.amazonaws.com",
            "cors_rule": [
              {
                "allowed_headers": [
                  "*"
                ],
                "allowed_methods": [
                  "POST",
                  "GET"
                ],
                "allowed_origins": [
                  "http://localhost:3333"
                ],
                "expose_headers": [],
                "max_age_seconds": 0
              }
            ],
            "force_destroy": false,
            "grant": [
              {
                "id": "cc059c83875fe0b9cae8b346ce0bd10a0052213d7607deb4c6c24496a4a18e40",
                "permissions": [
                  "FULL_CONTROL"
                ],
                "type": "CanonicalUser",
                "uri": ""
              }
            ],
            "hosted_zone_id": "Z1WCIGYICN2BYD",
            "id": "ph-sanity-video",
            "lifecycle_rule": [],
            "logging": [],
            "object_lock_configuration": [],
            "object_lock_enabled": false,
            "policy": "",
            "region": "ap-southeast-2",
            "replication_configuration": [],
            "request_payer": "BucketOwner",
            "server_side_encryption_configuration": [],
            "tags": {},
            "tags_all": {},
            "timeouts": null,
            "versioning": [
              {
                "enabled": false,
                "mfa_delete": false
              }
            ],
            "website": [],
            "website_domain": null,
            "website_endpoint": null
          },
          "sensitive_attributes": [],
          "private": "eyJlMmJmYjczMC1lY2FhLTExZTYtOGY4OC0zNDM2M2JjN2M0YzAiOnsiY3JlYXRlIjoxMjAwMDAwMDAwMDAwLCJkZWxldGUiOjM2MDAwMDAwMDAwMDAsInJlYWQiOjEyMDAwMDAwMDAwMDAsInVwZGF0ZSI6MTIwMDAwMDAwMDAwMH19"
        }
      ]
    },
    {
      "mode": "managed",
      "type": "aws_s3_bucket_cors_configuration",
      "name": "source_cors",
      "provider": "provider[\"registry.terraform.io/hashicorp/aws\"]",
      "instances": [
        {
          "schema_version": 0,
          "attributes": {
            "bucket": "ph-sanity-video",
            "cors_rule": [
              {
                "allowed_headers": [
                  "*"
                ],
                "allowed_methods": [
                  "GET",
                  "POST"
                ],
                "allowed_origins": [
                  "http://localhost:3333"
                ],
                "expose_headers": [],
                "id": "",
                "max_age_seconds": 0
              }
            ],
            "expected_bucket_owner": "",
            "id": "ph-sanity-video"
          },
          "sensitive_attributes": [],
          "private": "bnVsbA==",
          "dependencies": [
            "aws_s3_bucket.source"
          ]
        }
      ]
    },
    {
      "mode": "managed",
      "type": "aws_s3_bucket_notification",
      "name": "sanity_upload_event",
      "provider": "provider[\"registry.terraform.io/hashicorp/aws\"]",
      "instances": [
        {
          "schema_version": 0,
          "attributes": {
            "bucket": "ph-sanity-video",
            "eventbridge": false,
            "id": "ph-sanity-video",
            "lambda_function": [
              {
                "events": [
                  "s3:ObjectCreated:*"
                ],
                "filter_prefix": "",
                "filter_suffix": ".mp4",
                "id": "tf-s3-lambda-20221115054500327300000009",
                "lambda_function_arn": "arn:aws:lambda:ap-southeast-2:251801182585:function:create-sanity-video-job-lambda"
              }
            ],
            "queue": [],
            "topic": []
          },
          "sensitive_attributes": [],
          "private": "bnVsbA==",
          "dependencies": [
            "aws_cloudwatch_log_group.conversion_lambda_logging",
            "aws_iam_policy.conversion_lambda_logging_policy",
            "aws_iam_role.conversion_lambda_role",
            "aws_iam_role.mediaconvert_role",
            "aws_iam_role_policy_attachment.conversion_lambda_logging_policy_attachment",
            "aws_lambda_function.conversion_lambda",
            "aws_lambda_permission.enable_lambda_trigger",
            "aws_media_convert_queue.queue",
            "aws_s3_bucket.destination",
            "aws_s3_bucket.source",
            "data.archive_file.conversion_lambda_src",
            "data.aws_caller_identity.current",
            "data.aws_iam_policy_document.conversion_lambda_role_assume_role_policy_document",
            "data.aws_iam_policy_document.conversion_lambda_role_logging_policy_document",
            "data.aws_iam_policy_document.mediaconvert_role_policy_document",
            "data.aws_region.current"
          ]
        }
      ]
    },
    {
      "mode": "managed",
      "type": "aws_s3_bucket_ownership_controls",
      "name": "sanity_upload_access",
      "provider": "provider[\"registry.terraform.io/hashicorp/aws\"]",
      "instances": [
        {
          "schema_version": 0,
          "attributes": {
            "bucket": "ph-sanity-video",
            "id": "ph-sanity-video",
            "rule": [
              {
                "object_ownership": "ObjectWriter"
              }
            ]
          },
          "sensitive_attributes": [],
          "private": "bnVsbA==",
          "dependencies": [
            "aws_s3_bucket.source"
          ]
        }
      ]
    }
  ],
  "check_results": null
}
